{
  "requires": true,
  "lockfileVersion": 1,
  "dependencies": {

    "react-awesome-slider": {
      "version": "4.1.0",
      "resolved": "https://registry.npmjs.org/react-awesome-slider/-/react-awesome-slider-4.1.0.tgz",
      "integrity": "sha512-cbPI1MTpVLKbEH6gf9bwtJb8Ja6R/YJonKbUQehfq2B2AAJkgDMeHntaa4SgGCRqWd55xKiT+CkjfKau1QRsKw==",
      "requires": {
        "web-animation-club": "^0.6.0"
      }
    },

    "react-use-websocket": {
      "version": "1.3.4",
      "resolved": "https://registry.npmjs.org/react-use-websocket/-/react-use-websocket-1.3.4.tgz",
      "integrity": "sha512-w/WkNwVOozQsaNt6s91ASCAGY2aD4zb5rdrJ60vWGVvXCZbRvIWRpCOsXrnR6eRAW1ZXlDR8WDSP+IRAdXVWbA=="
    },
    "react-websocket": {
      "version": "2.1.0",
      "resolved": "https://registry.npmjs.org/react-websocket/-/react-websocket-2.1.0.tgz",
      "integrity": "sha512-VstINrNXmp08aol9TQt1LZQgtzmad6CjTvEX8TYAFxU7K0ByMtDP7T2WMtgNEttWtPThVA7TDhHNu+fGTaAExQ=="

    },
    "web-animation-club": {
      "version": "0.6.0",
      "resolved": "https://registry.npmjs.org/web-animation-club/-/web-animation-club-0.6.0.tgz",
      "integrity": "sha512-9W+EQu1HiaPLe/7WZlhJ2ULqQ4VL80RPDYW+ZcjfTKp6ayOuT1k3SVO6+tu0VBRmOqueJ/mrG+rjjInIv8Aglg=="

    }
  }
}
